# Generated from the active .venv on 2026-08-03.
# This is the reproducibility baseline for the research environment. GPU
# plugin/CUDA packages remain host-specific; requirements-gpu.txt documents
# the supported accelerator installation path.
pandas==3.0.3
numpy==2.3.5
numba==0.65.1
scikit-learn==1.8.0
matplotlib==3.10.9
pyarrow==24.0.0
jax==0.10.1
jaxlib==0.10.1
evox==1.3.0
torch==2.12.0
optuna==4.8.0
pytest==9.0.3
hypothesis==6.152.7
